
Microsoft Visual Studio Solution File, Format Version 12.00
# Visual Studio Version 17
VisualStudioVersion = 17.0.31903.59
MinimumVisualStudioVersion = 10.0.40219.1
Project("{FAE04EC0-301F-11D3-BF4B-00C04F79EFBC}") = "ReactTest.Web", "ReactTest.Web\ReactTest.Web.csproj", "{693D8F19-C35B-45E8-B0CB-822911AA1B85}"
EndProject
Global
	GlobalSection(SolutionConfigurationPlatforms) = preSolution
		Debug|Any CPU = Debug|Any CPU
		Release|Any CPU = Release|Any CPU
	EndGlobalSection
	GlobalSection(SolutionProperties) = preSolution
		HideSolutionNode = FALSE
	EndGlobalSection
	GlobalSection(ProjectConfigurationPlatforms) = postSolution
		{693D8F19-C35B-45E8-B0CB-822911AA1B85}.Debug|Any CPU.ActiveCfg = Debug|Any CPU
		{693D8F19-C35B-45E8-B0CB-822911AA1B85}.Debug|Any CPU.Build.0 = Debug|Any CPU
		{693D8F19-C35B-45E8-B0CB-822911AA1B85}.Release|Any CPU.ActiveCfg = Release|Any CPU
		{693D8F19-C35B-45E8-B0CB-822911AA1B85}.Release|Any CPU.Build.0 = Release|Any CPU
	EndGlobalSection
EndGlobal
